# This file is automatically @generated by Cargo.
# It is not intended for manual editing.
version = 4

[[package]]
name = "bank-system"
version = "0.1.0"
source = "git+https://github.com/trunov/bank-core-rs.git?branch=main#df201d8297cb2b4103d317aab51054bc9ccbc17f"

[[package]]
name = "my-system"
version = "0.1.0"
dependencies = [
 "bank-system",
]
