# This file is automatically @generated by Cargo.
# It is not intended for manual editing.
version = 4

[[package]]
name = "bank-system"
version = "0.1.2"
source = "git+https://github.com/trunov/bank-core-rs.git?branch=main#1b19dc663749d275aa3797c05346dab20f302aad"

[[package]]
name = "my-system"
version = "0.1.0"
dependencies = [
 "bank-system",
]
