# This file is automatically @generated by Cargo.
# It is not intended for manual editing.
version = 4

[[package]]
name = "bank-system"
version = "0.1.1"
source = "git+https://github.com/trunov/bank-core-rs.git?branch=main#d962faefee16f501c6fcbf83b426bd43afa5ba13"

[[package]]
name = "my-system"
version = "0.1.0"
dependencies = [
 "bank-system",
]
